
Microsoft Visual Studio Solution File, Format Version 12.00
# Visual Studio Version 16
VisualStudioVersion = 16.0.30907.101
MinimumVisualStudioVersion = 10.0.40219.1
Project("{FAE04EC0-301F-11D3-BF4B-00C04F79EFBC}") = "MovieMCV", "MovieMCV\MovieMCV.csproj", "{489617F1-DD70-4334-863E-BD26DD7F3968}"
EndProject
Global
	GlobalSection(SolutionConfigurationPlatforms) = preSolution
		Debug|Any CPU = Debug|Any CPU
		Release|Any CPU = Release|Any CPU
	EndGlobalSection
	GlobalSection(ProjectConfigurationPlatforms) = postSolution
		{489617F1-DD70-4334-863E-BD26DD7F3968}.Debug|Any CPU.ActiveCfg = Debug|Any CPU
		{489617F1-DD70-4334-863E-BD26DD7F3968}.Debug|Any CPU.Build.0 = Debug|Any CPU
		{489617F1-DD70-4334-863E-BD26DD7F3968}.Release|Any CPU.ActiveCfg = Release|Any CPU
		{489617F1-DD70-4334-863E-BD26DD7F3968}.Release|Any CPU.Build.0 = Release|Any CPU
	EndGlobalSection
	GlobalSection(SolutionProperties) = preSolution
		HideSolutionNode = FALSE
	EndGlobalSection
	GlobalSection(ExtensibilityGlobals) = postSolution
		SolutionGuid = {3E68EFBE-0406-46DB-8F33-72A2B2E64ACF}
	EndGlobalSection
EndGlobal
